
Microsoft Visual Studio Solution File, Format Version 12.00
# Visual Studio Version 17
VisualStudioVersion = 17.3.32811.315
MinimumVisualStudioVersion = 10.0.40219.1
Project("{FAE04EC0-301F-11D3-BF4B-00C04F79EFBC}") = "Accounts.Xinator", "Accounts.Xinator.csproj", "{2FE74C77-A576-4FEE-9935-3E0D73CCE49C}"
EndProject
Global
	GlobalSection(SolutionConfigurationPlatforms) = preSolution
		Debug|Any CPU = Debug|Any CPU
		Release|Any CPU = Release|Any CPU
	EndGlobalSection
	GlobalSection(ProjectConfigurationPlatforms) = postSolution
		{2FE74C77-A576-4FEE-9935-3E0D73CCE49C}.Debug|Any CPU.ActiveCfg = Debug|Any CPU
		{2FE74C77-A576-4FEE-9935-3E0D73CCE49C}.Debug|Any CPU.Build.0 = Debug|Any CPU
		{2FE74C77-A576-4FEE-9935-3E0D73CCE49C}.Release|Any CPU.ActiveCfg = Release|Any CPU
		{2FE74C77-A576-4FEE-9935-3E0D73CCE49C}.Release|Any CPU.Build.0 = Release|Any CPU
	EndGlobalSection
	GlobalSection(SolutionProperties) = preSolution
		HideSolutionNode = FALSE
	EndGlobalSection
	GlobalSection(ExtensibilityGlobals) = postSolution
		SolutionGuid = {BD027B39-489F-48B3-9576-43280CDEED9C}
	EndGlobalSection
EndGlobal
